
Microsoft Visual Studio Solution File, Format Version 12.00
# Visual Studio 15
VisualStudioVersion = 15.0.26430.16
MinimumVisualStudioVersion = 10.0.40219.1
Project("{FAE04EC0-301F-11D3-BF4B-00C04F79EFBC}") = "ChatFirst.Channels.BotFramework", "ChatFirst.Channels.BotFramework\ChatFirst.Channels.BotFramework.csproj", "{A1324E9A-93A9-435E-AE25-2CC17F3EB1C8}"
EndProject
Global
	GlobalSection(SolutionConfigurationPlatforms) = preSolution
		Debug|Any CPU = Debug|Any CPU
		Release|Any CPU = Release|Any CPU
	EndGlobalSection
	GlobalSection(ProjectConfigurationPlatforms) = postSolution
		{A1324E9A-93A9-435E-AE25-2CC17F3EB1C8}.Debug|Any CPU.ActiveCfg = Debug|Any CPU
		{A1324E9A-93A9-435E-AE25-2CC17F3EB1C8}.Debug|Any CPU.Build.0 = Debug|Any CPU
		{A1324E9A-93A9-435E-AE25-2CC17F3EB1C8}.Release|Any CPU.ActiveCfg = Release|Any CPU
		{A1324E9A-93A9-435E-AE25-2CC17F3EB1C8}.Release|Any CPU.Build.0 = Release|Any CPU
	EndGlobalSection
	GlobalSection(SolutionProperties) = preSolution
		HideSolutionNode = FALSE
	EndGlobalSection
	GlobalSection(ExtensibilityGlobals) = postSolution
		SolutionGuid = {7E3A6142-34A3-4206-A263-DD2A02AEAD12}
	EndGlobalSection
EndGlobal
