
Microsoft Visual Studio Solution File, Format Version 12.00
# Visual Studio 15
VisualStudioVersion = 15.0.28307.136
MinimumVisualStudioVersion = 10.0.40219.1
Project("{FAE04EC0-301F-11D3-BF4B-00C04F79EFBC}") = "ChatFirst.Channels.BotFramework", "ChatFirst.Channels.BotFramework\ChatFirst.Channels.BotFramework.csproj", "{681227B3-38F8-4E9C-B2CC-D99DF0A6F564}"
EndProject
Global
	GlobalSection(SolutionConfigurationPlatforms) = preSolution
		Debug|Any CPU = Debug|Any CPU
		Release|Any CPU = Release|Any CPU
	EndGlobalSection
	GlobalSection(ProjectConfigurationPlatforms) = postSolution
		{681227B3-38F8-4E9C-B2CC-D99DF0A6F564}.Debug|Any CPU.ActiveCfg = Debug|Any CPU
		{681227B3-38F8-4E9C-B2CC-D99DF0A6F564}.Debug|Any CPU.Build.0 = Debug|Any CPU
		{681227B3-38F8-4E9C-B2CC-D99DF0A6F564}.Release|Any CPU.ActiveCfg = Release|Any CPU
		{681227B3-38F8-4E9C-B2CC-D99DF0A6F564}.Release|Any CPU.Build.0 = Release|Any CPU
	EndGlobalSection
	GlobalSection(SolutionProperties) = preSolution
		HideSolutionNode = FALSE
	EndGlobalSection
	GlobalSection(ExtensibilityGlobals) = postSolution
		SolutionGuid = {939B6F0F-D4F1-4A1A-AE42-4A9D565EFC31}
	EndGlobalSection
EndGlobal
